
Microsoft Visual Studio Solution File, Format Version 12.00
# Visual Studio 15
Project("{FAE04EC0-301F-11D3-BF4B-00C04F79EFBC}") = "Assembly-CSharp", "Assembly-CSharp.csproj", "{14DE0016-D6CF-5830-0028-336769635CD8}"
EndProject
Project("{FAE04EC0-301F-11D3-BF4B-00C04F79EFBC}") = "Assembly-CSharp-firstpass", "Assembly-CSharp-firstpass.csproj", "{E26C518C-FBA1-59E1-95A4-A643B9208BFA}"
EndProject
Project("{FAE04EC0-301F-11D3-BF4B-00C04F79EFBC}") = "Assembly-CSharp-Editor-firstpass", "Assembly-CSharp-Editor-firstpass.csproj", "{B080D18D-295C-DC2D-1E5E-BB575E3D5B7B}"
EndProject
Global
	GlobalSection(SolutionConfigurationPlatforms) = preSolution
		Debug|Any CPU = Debug|Any CPU
		Release|Any CPU = Release|Any CPU
	EndGlobalSection
	GlobalSection(ProjectConfigurationPlatforms) = postSolution
		{14DE0016-D6CF-5830-0028-336769635CD8}.Debug|Any CPU.ActiveCfg = Debug|Any CPU
		{14DE0016-D6CF-5830-0028-336769635CD8}.Debug|Any CPU.Build.0 = Debug|Any CPU
		{14DE0016-D6CF-5830-0028-336769635CD8}.Release|Any CPU.ActiveCfg = Release|Any CPU
		{14DE0016-D6CF-5830-0028-336769635CD8}.Release|Any CPU.Build.0 = Release|Any CPU
		{E26C518C-FBA1-59E1-95A4-A643B9208BFA}.Debug|Any CPU.ActiveCfg = Debug|Any CPU
		{E26C518C-FBA1-59E1-95A4-A643B9208BFA}.Debug|Any CPU.Build.0 = Debug|Any CPU
		{E26C518C-FBA1-59E1-95A4-A643B9208BFA}.Release|Any CPU.ActiveCfg = Release|Any CPU
		{E26C518C-FBA1-59E1-95A4-A643B9208BFA}.Release|Any CPU.Build.0 = Release|Any CPU
		{B080D18D-295C-DC2D-1E5E-BB575E3D5B7B}.Debug|Any CPU.ActiveCfg = Debug|Any CPU
		{B080D18D-295C-DC2D-1E5E-BB575E3D5B7B}.Debug|Any CPU.Build.0 = Debug|Any CPU
		{B080D18D-295C-DC2D-1E5E-BB575E3D5B7B}.Release|Any CPU.ActiveCfg = Release|Any CPU
		{B080D18D-295C-DC2D-1E5E-BB575E3D5B7B}.Release|Any CPU.Build.0 = Release|Any CPU
	EndGlobalSection
	GlobalSection(SolutionProperties) = preSolution
		HideSolutionNode = FALSE
	EndGlobalSection
EndGlobal
